// !$*UTF8*$!
{
	archiveVersion = 1;
	classes = {
	};
	objectVersion = 46;
	objects = {

/* Begin PBXBuildFile section */
		5022A4B51CEF1BE900599858 /* AppDelegate.swift in Sources */ = {isa = PBXBuildFile; fileRef = 5022A4B41CEF1BE900599858 /* AppDelegate.swift */; };
		5022A4B71CEF1BE900599858 /* ViewController.swift in Sources */ = {isa = PBXBuildFile; fileRef = 5022A4B61CEF1BE900599858 /* ViewController.swift */; };
		5022A4BA1CEF1BE900599858 /* Main.storyboard in Resources */ = {isa = PBXBuildFile; fileRef = 5022A4B81CEF1BE900599858 /* Main.storyboard */; };
		5022A4BC1CEF1BE900599858 /* Assets.xcassets in Resources */ = {isa = PBXBuildFile; fileRef = 5022A4BB1CEF1BE900599858 /* Assets.xcassets */; };
		5022A4BF1CEF1BE900599858 /* LaunchScreen.storyboard in Resources */ = {isa = PBXBuildFile; fileRef = 5022A4BD1CEF1BE900599858 /* LaunchScreen.storyboard */; };
		5022A4CA1CEF1BE900599858 /* PopViewEffectTests.swift in Sources */ = {isa = PBXBuildFile; fileRef = 5022A4C91CEF1BE900599858 /* PopViewEffectTests.swift */; };
		5022A4D51CEF1BE900599858 /* PopViewEffectUITests.swift in Sources */ = {isa = PBXBuildFile; fileRef = 5022A4D41CEF1BE900599858 /* PopViewEffectUITests.swift */; };
		5022A4E31CEF25D100599858 /* PopSuperController.swift in Sources */ = {isa = PBXBuildFile; fileRef = 5022A4E21CEF25D100599858 /* PopSuperController.swift */; };
/* End PBXBuildFile section */

/* Begin PBXContainerItemProxy section */
		5022A4C61CEF1BE900599858 /* PBXContainerItemProxy */ = {
			isa = PBXContainerItemProxy;
			containerPortal = 5022A4A91CEF1BE900599858 /* Project object */;
			proxyType = 1;
			remoteGlobalIDString = 5022A4B01CEF1BE900599858;
			remoteInfo = PopViewEffect;
		};
		5022A4D11CEF1BE900599858 /* PBXContainerItemProxy */ = {
			isa = PBXContainerItemProxy;
			containerPortal = 5022A4A91CEF1BE900599858 /* Project object */;
			proxyType = 1;
			remoteGlobalIDString = 5022A4B01CEF1BE900599858;
			remoteInfo = PopViewEffect;
		};
/* End PBXContainerItemProxy section */

/* Begin PBXFileReference section */
		5022A4B11CEF1BE900599858 /* PopViewEffect.app */ = {isa = PBXFileReference; explicitFileType = wrapper.application; includeInIndex = 0; path = PopViewEffect.app; sourceTree = BUILT_PRODUCTS_DIR; };
		5022A4B41CEF1BE900599858 /* AppDelegate.swift */ = {isa = PBXFileReference; lastKnownFileType = sourcecode.swift; path = AppDelegate.swift; sourceTree = "<group>"; };
		5022A4B61CEF1BE900599858 /* ViewController.swift */ = {isa = PBXFileReference; lastKnownFileType = sourcecode.swift; path = ViewController.swift; sourceTree = "<group>"; };
		5022A4B91CEF1BE900599858 /* Base */ = {isa = PBXFileReference; lastKnownFileType = file.storyboard; name = Base; path = Base.lproj/Main.storyboard; sourceTree = "<group>"; };
		5022A4BB1CEF1BE900599858 /* Assets.xcassets */ = {isa = PBXFileReference; lastKnownFileType = folder.assetcatalog; path = Assets.xcassets; sourceTree = "<group>"; };
		5022A4BE1CEF1BE900599858 /* Base */ = {isa = PBXFileReference; lastKnownFileType = file.storyboard; name = Base; path = Base.lproj/LaunchScreen.storyboard; sourceTree = "<group>"; };
		5022A4C01CEF1BE900599858 /* Info.plist */ = {isa = PBXFileReference; lastKnownFileType = text.plist.xml; path = Info.plist; sourceTree = "<group>"; };
		5022A4C51CEF1BE900599858 /* PopViewEffectTests.xctest */ = {isa = PBXFileReference; explicitFileType = wrapper.cfbundle; includeInIndex = 0; path = PopViewEffectTests.xctest; sourceTree = BUILT_PRODUCTS_DIR; };
		5022A4C91CEF1BE900599858 /* PopViewEffectTests.swift */ = {isa = PBXFileReference; lastKnownFileType = sourcecode.swift; path = PopViewEffectTests.swift; sourceTree = "<group>"; };
		5022A4CB1CEF1BE900599858 /* Info.plist */ = {isa = PBXFileReference; lastKnownFileType = text.plist.xml; path = Info.plist; sourceTree = "<group>"; };
		5022A4D01CEF1BE900599858 /* PopViewEffectUITests.xctest */ = {isa = PBXFileReference; explicitFileType = wrapper.cfbundle; includeInIndex = 0; path = PopViewEffectUITests.xctest; sourceTree = BUILT_PRODUCTS_DIR; };
		5022A4D41CEF1BE900599858 /* PopViewEffectUITests.swift */ = {isa = PBXFileReference; lastKnownFileType = sourcecode.swift; path = PopViewEffectUITests.swift; sourceTree = "<group>"; };
		5022A4D61CEF1BE900599858 /* Info.plist */ = {isa = PBXFileReference; lastKnownFileType = text.plist.xml; path = Info.plist; sourceTree = "<group>"; };
		5022A4E21CEF25D100599858 /* PopSuperController.swift */ = {isa = PBXFileReference; fileEncoding = 4; lastKnownFileType = sourcecode.swift; path = PopSuperController.swift; sourceTree = "<group>"; };
/* End PBXFileReference section */

/* Begin PBXFrameworksBuildPhase section */
		5022A4AE1CEF1BE900599858 /* Frameworks */ = {
			isa = PBXFrameworksBuildPhase;
			buildActionMask = 2147483647;
			files = (
			);
			runOnlyForDeploymentPostprocessing = 0;
		};
		5022A4C21CEF1BE900599858 /* Frameworks */ = {
			isa = PBXFrameworksBuildPhase;
			buildActionMask = 2147483647;
			files = (
			);
			runOnlyForDeploymentPostprocessing = 0;
		};
		5022A4CD1CEF1BE900599858 /* Frameworks */ = {
			isa = PBXFrameworksBuildPhase;
			buildActionMask = 2147483647;
			files = (
			);
			runOnlyForDeploymentPostprocessing = 0;
		};
/* End PBXFrameworksBuildPhase section */

/* Begin PBXGroup section */
		5022A4A81CEF1BE900599858 = {
			isa = PBXGroup;
			children = (
				5022A4B31CEF1BE900599858 /* PopViewEffect */,
				5022A4C81CEF1BE900599858 /* PopViewEffectTests */,
				5022A4D31CEF1BE900599858 /* PopViewEffectUITests */,
				5022A4B21CEF1BE900599858 /* Products */,
			);
			sourceTree = "<group>";
		};
		5022A4B21CEF1BE900599858 /* Products */ = {
			isa = PBXGroup;
			children = (
				5022A4B11CEF1BE900599858 /* PopViewEffect.app */,
				5022A4C51CEF1BE900599858 /* PopViewEffectTests.xctest */,
				5022A4D01CEF1BE900599858 /* PopViewEffectUITests.xctest */,
			);
			name = Products;
			sourceTree = "<group>";
		};
		5022A4B31CEF1BE900599858 /* PopViewEffect */ = {
			isa = PBXGroup;
			children = (
				5022A4B41CEF1BE900599858 /* AppDelegate.swift */,
				5022A4B61CEF1BE900599858 /* ViewController.swift */,
				5022A4E21CEF25D100599858 /* PopSuperController.swift */,
				5022A4B81CEF1BE900599858 /* Main.storyboard */,
				5022A4BB1CEF1BE900599858 /* Assets.xcassets */,
				5022A4BD1CEF1BE900599858 /* LaunchScreen.storyboard */,
				5022A4C01CEF1BE900599858 /* Info.plist */,
			);
			path = PopViewEffect;
			sourceTree = "<group>";
		};
		5022A4C81CEF1BE900599858 /* PopViewEffectTests */ = {
			isa = PBXGroup;
			children = (
				5022A4C91CEF1BE900599858 /* PopViewEffectTests.swift */,
				5022A4CB1CEF1BE900599858 /* Info.plist */,
			);
			path = PopViewEffectTests;
			sourceTree = "<group>";
		};
		5022A4D31CEF1BE900599858 /* PopViewEffectUITests */ = {
			isa = PBXGroup;
			children = (
				5022A4D41CEF1BE900599858 /* PopViewEffectUITests.swift */,
				5022A4D61CEF1BE900599858 /* Info.plist */,
			);
			path = PopViewEffectUITests;
			sourceTree = "<group>";
		};
/* End PBXGroup section */

/* Begin PBXNativeTarget section */
		5022A4B01CEF1BE900599858 /* PopViewEffect */ = {
			isa = PBXNativeTarget;
			buildConfigurationList = 5022A4D91CEF1BE900599858 /* Build configuration list for PBXNativeTarget "PopViewEffect" */;
			buildPhases = (
				5022A4AD1CEF1BE900599858 /* Sources */,
				5022A4AE1CEF1BE900599858 /* Frameworks */,
				5022A4AF1CEF1BE900599858 /* Resources */,
			);
			buildRules = (
			);
			dependencies = (
			);
			name = PopViewEffect;
			productName = PopViewEffect;
			productReference = 5022A4B11CEF1BE900599858 /* PopViewEffect.app */;
			productType = "com.apple.product-type.application";
		};
		5022A4C41CEF1BE900599858 /* PopViewEffectTests */ = {
			isa = PBXNativeTarget;
			buildConfigurationList = 5022A4DC1CEF1BE900599858 /* Build configuration list for PBXNativeTarget "PopViewEffectTests" */;
			buildPhases = (
				5022A4C11CEF1BE900599858 /* Sources */,
				5022A4C21CEF1BE900599858 /* Frameworks */,
				5022A4C31CEF1BE900599858 /* Resources */,
			);
			buildRules = (
			);
			dependencies = (
				5022A4C71CEF1BE900599858 /* PBXTargetDependency */,
			);
			name = PopViewEffectTests;
			productName = PopViewEffectTests;
			productReference = 5022A4C51CEF1BE900599858 /* PopViewEffectTests.xctest */;
			productType = "com.apple.product-type.bundle.unit-test";
		};
		5022A4CF1CEF1BE900599858 /* PopViewEffectUITests */ = {
			isa = PBXNativeTarget;
			buildConfigurationList = 5022A4DF1CEF1BE900599858 /* Build configuration list for PBXNativeTarget "PopViewEffectUITests" */;
			buildPhases = (
				5022A4CC1CEF1BE900599858 /* Sources */,
				5022A4CD1CEF1BE900599858 /* Frameworks */,
				5022A4CE1CEF1BE900599858 /* Resources */,
			);
			buildRules = (
			);
			dependencies = (
				5022A4D21CEF1BE900599858 /* PBXTargetDependency */,
			);
			name = PopViewEffectUITests;
			productName = PopViewEffectUITests;
			productReference = 5022A4D01CEF1BE900599858 /* PopViewEffectUITests.xctest */;
			productType = "com.apple.product-type.bundle.ui-testing";
		};
/* End PBXNativeTarget section */

/* Begin PBXProject section */
		5022A4A91CEF1BE900599858 /* Project object */ = {
			isa = PBXProject;
			attributes = {
				LastSwiftUpdateCheck = 0720;
				LastUpgradeCheck = 0720;
				ORGANIZATIONNAME = speeda;
				TargetAttributes = {
					5022A4B01CEF1BE900599858 = {
						CreatedOnToolsVersion = 7.2.1;
					};
					5022A4C41CEF1BE900599858 = {
						CreatedOnToolsVersion = 7.2.1;
						TestTargetID = 5022A4B01CEF1BE900599858;
					};
					5022A4CF1CEF1BE900599858 = {
						CreatedOnToolsVersion = 7.2.1;
						TestTargetID = 5022A4B01CEF1BE900599858;
					};
				};
			};
			buildConfigurationList = 5022A4AC1CEF1BE900599858 /* Build configuration list for PBXProject "PopViewEffect" */;
			compatibilityVersion = "Xcode 3.2";
			developmentRegion = English;
			hasScannedForEncodings = 0;
			knownRegions = (
				en,
				Base,
			);
			mainGroup = 5022A4A81CEF1BE900599858;
			productRefGroup = 5022A4B21CEF1BE900599858 /* Products */;
			projectDirPath = "";
			projectRoot = "";
			targets = (
				5022A4B01CEF1BE900599858 /* PopViewEffect */,
				5022A4C41CEF1BE900599858 /* PopViewEffectTests */,
				5022A4CF1CEF1BE900599858 /* PopViewEffectUITests */,
			);
		};
/* End PBXProject section */

/* Begin PBXResourcesBuildPhase section */
		5022A4AF1CEF1BE900599858 /* Resources */ = {
			isa = PBXResourcesBuildPhase;
			buildActionMask = 2147483647;
			files = (
				5022A4BF1CEF1BE900599858 /* LaunchScreen.storyboard in Resources */,
				5022A4BC1CEF1BE900599858 /* Assets.xcassets in Resources */,
				5022A4BA1CEF1BE900599858 /* Main.storyboard in Resources */,
			);
			runOnlyForDeploymentPostprocessing = 0;
		};
		5022A4C31CEF1BE900599858 /* Resources */ = {
			isa = PBXResourcesBuildPhase;
			buildActionMask = 2147483647;
			files = (
			);
			runOnlyForDeploymentPostprocessing = 0;
		};
		5022A4CE1CEF1BE900599858 /* Resources */ = {
			isa = PBXResourcesBuildPhase;
			buildActionMask = 2147483647;
			files = (
			);
			runOnlyForDeploymentPostprocessing = 0;
		};
/* End PBXResourcesBuildPhase section */

/* Begin PBXSourcesBuildPhase section */
		5022A4AD1CEF1BE900599858 /* Sources */ = {
			isa = PBXSourcesBuildPhase;
			buildActionMask = 2147483647;
			files = (
				5022A4E31CEF25D100599858 /* PopSuperController.swift in Sources */,
				5022A4B71CEF1BE900599858 /* ViewController.swift in Sources */,
				5022A4B51CEF1BE900599858 /* AppDelegate.swift in Sources */,
			);
			runOnlyForDeploymentPostprocessing = 0;
		};
		5022A4C11CEF1BE900599858 /* Sources */ = {
			isa = PBXSourcesBuildPhase;
			buildActionMask = 2147483647;
			files = (
				5022A4CA1CEF1BE900599858 /* PopViewEffectTests.swift in Sources */,
			);
			runOnlyForDeploymentPostprocessing = 0;
		};
		5022A4CC1CEF1BE900599858 /* Sources */ = {
			isa = PBXSourcesBuildPhase;
			buildActionMask = 2147483647;
			files = (
				5022A4D51CEF1BE900599858 /* PopViewEffectUITests.swift in Sources */,
			);
			runOnlyForDeploymentPostprocessing = 0;
		};
/* End PBXSourcesBuildPhase section */

/* Begin PBXTargetDependency section */
		5022A4C71CEF1BE900599858 /* PBXTargetDependency */ = {
			isa = PBXTargetDependency;
			target = 5022A4B01CEF1BE900599858 /* PopViewEffect */;
			targetProxy = 5022A4C61CEF1BE900599858 /* PBXContainerItemProxy */;
		};
		5022A4D21CEF1BE900599858 /* PBXTargetDependency */ = {
			isa = PBXTargetDependency;
			target = 5022A4B01CEF1BE900599858 /* PopViewEffect */;
			targetProxy = 5022A4D11CEF1BE900599858 /* PBXContainerItemProxy */;
		};
/* End PBXTargetDependency section */

/* Begin PBXVariantGroup section */
		5022A4B81CEF1BE900599858 /* Main.storyboard */ = {
			isa = PBXVariantGroup;
			children = (
				5022A4B91CEF1BE900599858 /* Base */,
			);
			name = Main.storyboard;
			sourceTree = "<group>";
		};
		5022A4BD1CEF1BE900599858 /* LaunchScreen.storyboard */ = {
			isa = PBXVariantGroup;
			children = (
				5022A4BE1CEF1BE900599858 /* Base */,
			);
			name = LaunchScreen.storyboard;
			sourceTree = "<group>";
		};
/* End PBXVariantGroup section */

/* Begin XCBuildConfiguration section */
		5022A4D71CEF1BE900599858 /* Debug */ = {
			isa = XCBuildConfiguration;
			buildSettings = {
				ALWAYS_SEARCH_USER_PATHS = NO;
				CLANG_CXX_LANGUAGE_STANDARD = "gnu++0x";
				CLANG_CXX_LIBRARY = "libc++";
				CLANG_ENABLE_MODULES = YES;
				CLANG_ENABLE_OBJC_ARC = YES;
				CLANG_WARN_BOOL_CONVERSION = YES;
				CLANG_WARN_CONSTANT_CONVERSION = YES;
				CLANG_WARN_DIRECT_OBJC_ISA_USAGE = YES_ERROR;
				CLANG_WARN_EMPTY_BODY = YES;
				CLANG_WARN_ENUM_CONVERSION = YES;
				CLANG_WARN_INT_CONVERSION = YES;
				CLANG_WARN_OBJC_ROOT_CLASS = YES_ERROR;
				CLANG_WARN_UNREACHABLE_CODE = YES;
				CLANG_WARN__DUPLICATE_METHOD_MATCH = YES;
				"CODE_SIGN_IDENTITY[sdk=iphoneos*]" = "iPhone Developer";
				COPY_PHASE_STRIP = NO;
				DEBUG_INFORMATION_FORMAT = dwarf;
				ENABLE_STRICT_OBJC_MSGSEND = YES;
				ENABLE_TESTABILITY = YES;
				GCC_C_LANGUAGE_STANDARD = gnu99;
				GCC_DYNAMIC_NO_PIC = NO;
				GCC_NO_COMMON_BLOCKS = YES;
				GCC_OPTIMIZATION_LEVEL = 0;
				GCC_PREPROCESSOR_DEFINITIONS = (
					"DEBUG=1",
					"$(inherited)",
				);
				GCC_WARN_64_TO_32_BIT_CONVERSION = YES;
				GCC_WARN_ABOUT_RETURN_TYPE = YES_ERROR;
				GCC_WARN_UNDECLARED_SELECTOR = YES;
				GCC_WARN_UNINITIALIZED_AUTOS = YES_AGGRESSIVE;
				GCC_WARN_UNUSED_FUNCTION = YES;
				GCC_WARN_UNUSED_VARIABLE = YES;
				IPHONEOS_DEPLOYMENT_TARGET = 9.2;
				MTL_ENABLE_DEBUG_INFO = YES;
				ONLY_ACTIVE_ARCH = YES;
				SDKROOT = iphoneos;
				SWIFT_OPTIMIZATION_LEVEL = "-Onone";
				TARGETED_DEVICE_FAMILY = "1,2";
			};
			name = Debug;
		};
		5022A4D81CEF1BE900599858 /* Release */ = {
			isa = XCBuildConfiguration;
			buildSettings = {
				ALWAYS_SEARCH_USER_PATHS = NO;
				CLANG_CXX_LANGUAGE_STANDARD = "gnu++0x";
				CLANG_CXX_LIBRARY = "libc++";
				CLANG_ENABLE_MODULES = YES;
				CLANG_ENABLE_OBJC_ARC = YES;
				CLANG_WARN_BOOL_CONVERSION = YES;
				CLANG_WARN_CONSTANT_CONVERSION = YES;
				CLANG_WARN_DIRECT_OBJC_ISA_USAGE = YES_ERROR;
				CLANG_WARN_EMPTY_BODY = YES;
				CLANG_WARN_ENUM_CONVERSION = YES;
				CLANG_WARN_INT_CONVERSION = YES;
				CLANG_WARN_OBJC_ROOT_CLASS = YES_ERROR;
				CLANG_WARN_UNREACHABLE_CODE = YES;
				CLANG_WARN__DUPLICATE_METHOD_MATCH = YES;
				"CODE_SIGN_IDENTITY[sdk=iphoneos*]" = "iPhone Developer";
				COPY_PHASE_STRIP = NO;
				DEBUG_INFORMATION_FORMAT = "dwarf-with-dsym";
				ENABLE_NS_ASSERTIONS = NO;
				ENABLE_STRICT_OBJC_MSGSEND = YES;
				GCC_C_LANGUAGE_STANDARD = gnu99;
				GCC_NO_COMMON_BLOCKS = YES;
				GCC_WARN_64_TO_32_BIT_CONVERSION = YES;
				GCC_WARN_ABOUT_RETURN_TYPE = YES_ERROR;
				GCC_WARN_UNDECLARED_SELECTOR = YES;
				GCC_WARN_UNINITIALIZED_AUTOS = YES_AGGRESSIVE;
				GCC_WARN_UNUSED_FUNCTION = YES;
				GCC_WARN_UNUSED_VARIABLE = YES;
				IPHONEOS_DEPLOYMENT_TARGET = 9.2;
				MTL_ENABLE_DEBUG_INFO = NO;
				SDKROOT = iphoneos;
				TARGETED_DEVICE_FAMILY = "1,2";
				VALIDATE_PRODUCT = YES;
			};
			name = Release;
		};
		5022A4DA1CEF1BE900599858 /* Debug */ = {
			isa = XCBuildConfiguration;
			buildSettings = {
				ASSETCATALOG_COMPILER_APPICON_NAME = AppIcon;
				INFOPLIST_FILE = PopViewEffect/Info.plist;
				LD_RUNPATH_SEARCH_PATHS = "$(inherited) @executable_path/Frameworks";
				PRODUCT_BUNDLE_IDENTIFIER = cn.speeda.www.PopViewEffect;
				PRODUCT_NAME = "$(TARGET_NAME)";
			};
			name = Debug;
		};
		5022A4DB1CEF1BE900599858 /* Release */ = {
			isa = XCBuildConfiguration;
			buildSettings = {
				ASSETCATALOG_COMPILER_APPICON_NAME = AppIcon;
				INFOPLIST_FILE = PopViewEffect/Info.plist;
				LD_RUNPATH_SEARCH_PATHS = "$(inherited) @executable_path/Frameworks";
				PRODUCT_BUNDLE_IDENTIFIER = cn.speeda.www.PopViewEffect;
				PRODUCT_NAME = "$(TARGET_NAME)";
			};
			name = Release;
		};
		5022A4DD1CEF1BE900599858 /* Debug */ = {
			isa = XCBuildConfiguration;
			buildSettings = {
				BUNDLE_LOADER = "$(TEST_HOST)";
				INFOPLIST_FILE = PopViewEffectTests/Info.plist;
				LD_RUNPATH_SEARCH_PATHS = "$(inherited) @executable_path/Frameworks @loader_path/Frameworks";
				PRODUCT_BUNDLE_IDENTIFIER = cn.speeda.www.PopViewEffectTests;
				PRODUCT_NAME = "$(TARGET_NAME)";
				TEST_HOST = "$(BUILT_PRODUCTS_DIR)/PopViewEffect.app/PopViewEffect";
			};
			name = Debug;
		};
		5022A4DE1CEF1BE900599858 /* Release */ = {
			isa = XCBuildConfiguration;
			buildSettings = {
				BUNDLE_LOADER = "$(TEST_HOST)";
				INFOPLIST_FILE = PopViewEffectTests/Info.plist;
				LD_RUNPATH_SEARCH_PATHS = "$(inherited) @executable_path/Frameworks @loader_path/Frameworks";
				PRODUCT_BUNDLE_IDENTIFIER = cn.speeda.www.PopViewEffectTests;
				PRODUCT_NAME = "$(TARGET_NAME)";
				TEST_HOST = "$(BUILT_PRODUCTS_DIR)/PopViewEffect.app/PopViewEffect";
			};
			name = Release;
		};
		5022A4E01CEF1BE900599858 /* Debug */ = {
			isa = XCBuildConfiguration;
			buildSettings = {
				INFOPLIST_FILE = PopViewEffectUITests/Info.plist;
				LD_RUNPATH_SEARCH_PATHS = "$(inherited) @executable_path/Frameworks @loader_path/Frameworks";
				PRODUCT_BUNDLE_IDENTIFIER = cn.speeda.www.PopViewEffectUITests;
				PRODUCT_NAME = "$(TARGET_NAME)";
				TEST_TARGET_NAME = PopViewEffect;
				USES_XCTRUNNER = YES;
			};
			name = Debug;
		};
		5022A4E11CEF1BE900599858 /* Release */ = {
			isa = XCBuildConfiguration;
			buildSettings = {
				INFOPLIST_FILE = PopViewEffectUITests/Info.plist;
				LD_RUNPATH_SEARCH_PATHS = "$(inherited) @executable_path/Frameworks @loader_path/Frameworks";
				PRODUCT_BUNDLE_IDENTIFIER = cn.speeda.www.PopViewEffectUITests;
				PRODUCT_NAME = "$(TARGET_NAME)";
				TEST_TARGET_NAME = PopViewEffect;
				USES_XCTRUNNER = YES;
			};
			name = Release;
		};
/* End XCBuildConfiguration section */

/* Begin XCConfigurationList section */
		5022A4AC1CEF1BE900599858 /* Build configuration list for PBXProject "PopViewEffect" */ = {
			isa = XCConfigurationList;
			buildConfigurations = (
				5022A4D71CEF1BE900599858 /* Debug */,
				5022A4D81CEF1BE900599858 /* Release */,
			);
			defaultConfigurationIsVisible = 0;
			defaultConfigurationName = Release;
		};
		5022A4D91CEF1BE900599858 /* Build configuration list for PBXNativeTarget "PopViewEffect" */ = {
			isa = XCConfigurationList;
			buildConfigurations = (
				5022A4DA1CEF1BE900599858 /* Debug */,
				5022A4DB1CEF1BE900599858 /* Release */,
			);
			defaultConfigurationIsVisible = 0;
			defaultConfigurationName = Release;
		};
		5022A4DC1CEF1BE900599858 /* Build configuration list for PBXNativeTarget "PopViewEffectTests" */ = {
			isa = XCConfigurationList;
			buildConfigurations = (
				5022A4DD1CEF1BE900599858 /* Debug */,
				5022A4DE1CEF1BE900599858 /* Release */,
			);
			defaultConfigurationIsVisible = 0;
			defaultConfigurationName = Release;
		};
		5022A4DF1CEF1BE900599858 /* Build configuration list for PBXNativeTarget "PopViewEffectUITests" */ = {
			isa = XCConfigurationList;
			buildConfigurations = (
				5022A4E01CEF1BE900599858 /* Debug */,
				5022A4E11CEF1BE900599858 /* Release */,
			);
			defaultConfigurationIsVisible = 0;
			defaultConfigurationName = Release;
		};
/* End XCConfigurationList section */
	};
	rootObject = 5022A4A91CEF1BE900599858 /* Project object */;
}
